{
  "name": "tokensburned",
  "version": "0.6.3",
  "lockfileVersion": 3,
  "requires": true,
  "packages": {
    "": {
      "name": "tokensburned",
      "version": "0.6.3",
      "license": "MIT",
      "bin": {
        "burn": "bin/burn.js",
        "tokensburned": "bin/burn.js"
      },
      "engines": {
        "node": ">=20"
      },
      "peerDependencies": {
        "@cline/sdk": "*"
      },
      "peerDependenciesMeta": {
        "@cline/sdk": {
          "optional": true
        }
      }
    }
  }
}
